// !$*UTF8*$!
{
	archiveVersion = 1;
	classes = {
	};
	objectVersion = 48;
	objects = {

/* Begin PBXBuildFile section */
		2B54FAAB1F9692A9000DF209 /* AppDelegate.swift in Sources */ = {isa = PBXBuildFile; fileRef = 2B54FAAA1F9692A9000DF209 /* AppDelegate.swift */; };
		2B54FAAD1F9692A9000DF209 /* ViewController.swift in Sources */ = {isa = PBXBuildFile; fileRef = 2B54FAAC1F9692A9000DF209 /* ViewController.swift */; };
		2B54FAB01F9692A9000DF209 /* Main.storyboard in Resources */ = {isa = PBXBuildFile; fileRef = 2B54FAAE1F9692A9000DF209 /* Main.storyboard */; };
		2B54FAB21F9692A9000DF209 /* Assets.xcassets in Resources */ = {isa = PBXBuildFile; fileRef = 2B54FAB11F9692A9000DF209 /* Assets.xcassets */; };
		2B54FAB51F9692A9000DF209 /* LaunchScreen.storyboard in Resources */ = {isa = PBXBuildFile; fileRef = 2B54FAB31F9692A9000DF209 /* LaunchScreen.storyboard */; };
		2B54FAC01F9692A9000DF209 /* Miracle_PillsTests.swift in Sources */ = {isa = PBXBuildFile; fileRef = 2B54FABF1F9692A9000DF209 /* Miracle_PillsTests.swift */; };
		2B54FACB1F9692A9000DF209 /* Miracle_PillsUITests.swift in Sources */ = {isa = PBXBuildFile; fileRef = 2B54FACA1F9692A9000DF209 /* Miracle_PillsUITests.swift */; };
/* End PBXBuildFile section */

/* Begin PBXContainerItemProxy section */
		2B54FABC1F9692A9000DF209 /* PBXContainerItemProxy */ = {
			isa = PBXContainerItemProxy;
			containerPortal = 2B54FA9F1F9692A9000DF209 /* Project object */;
			proxyType = 1;
			remoteGlobalIDString = 2B54FAA61F9692A9000DF209;
			remoteInfo = "Miracle Pills";
		};
		2B54FAC71F9692A9000DF209 /* PBXContainerItemProxy */ = {
			isa = PBXContainerItemProxy;
			containerPortal = 2B54FA9F1F9692A9000DF209 /* Project object */;
			proxyType = 1;
			remoteGlobalIDString = 2B54FAA61F9692A9000DF209;
			remoteInfo = "Miracle Pills";
		};
/* End PBXContainerItemProxy section */

/* Begin PBXFileReference section */
		2B54FAA71F9692A9000DF209 /* Miracle Pills.app */ = {isa = PBXFileReference; explicitFileType = wrapper.application; includeInIndex = 0; path = "Miracle Pills.app"; sourceTree = BUILT_PRODUCTS_DIR; };
		2B54FAAA1F9692A9000DF209 /* AppDelegate.swift */ = {isa = PBXFileReference; lastKnownFileType = sourcecode.swift; path = AppDelegate.swift; sourceTree = "<group>"; };
		2B54FAAC1F9692A9000DF209 /* ViewController.swift */ = {isa = PBXFileReference; lastKnownFileType = sourcecode.swift; path = ViewController.swift; sourceTree = "<group>"; };
		2B54FAAF1F9692A9000DF209 /* Base */ = {isa = PBXFileReference; lastKnownFileType = file.storyboard; name = Base; path = Base.lproj/Main.storyboard; sourceTree = "<group>"; };
		2B54FAB11F9692A9000DF209 /* Assets.xcassets */ = {isa = PBXFileReference; lastKnownFileType = folder.assetcatalog; path = Assets.xcassets; sourceTree = "<group>"; };
		2B54FAB41F9692A9000DF209 /* Base */ = {isa = PBXFileReference; lastKnownFileType = file.storyboard; name = Base; path = Base.lproj/LaunchScreen.storyboard; sourceTree = "<group>"; };
		2B54FAB61F9692A9000DF209 /* Info.plist */ = {isa = PBXFileReference; lastKnownFileType = text.plist.xml; path = Info.plist; sourceTree = "<group>"; };
		2B54FABB1F9692A9000DF209 /* Miracle PillsTests.xctest */ = {isa = PBXFileReference; explicitFileType = wrapper.cfbundle; includeInIndex = 0; path = "Miracle PillsTests.xctest"; sourceTree = BUILT_PRODUCTS_DIR; };
		2B54FABF1F9692A9000DF209 /* Miracle_PillsTests.swift */ = {isa = PBXFileReference; lastKnownFileType = sourcecode.swift; path = Miracle_PillsTests.swift; sourceTree = "<group>"; };
		2B54FAC11F9692A9000DF209 /* Info.plist */ = {isa = PBXFileReference; lastKnownFileType = text.plist.xml; path = Info.plist; sourceTree = "<group>"; };
		2B54FAC61F9692A9000DF209 /* Miracle PillsUITests.xctest */ = {isa = PBXFileReference; explicitFileType = wrapper.cfbundle; includeInIndex = 0; path = "Miracle PillsUITests.xctest"; sourceTree = BUILT_PRODUCTS_DIR; };
		2B54FACA1F9692A9000DF209 /* Miracle_PillsUITests.swift */ = {isa = PBXFileReference; lastKnownFileType = sourcecode.swift; path = Miracle_PillsUITests.swift; sourceTree = "<group>"; };
		2B54FACC1F9692A9000DF209 /* Info.plist */ = {isa = PBXFileReference; lastKnownFileType = text.plist.xml; path = Info.plist; sourceTree = "<group>"; };
/* End PBXFileReference section */

/* Begin PBXFrameworksBuildPhase section */
		2B54FAA41F9692A9000DF209 /* Frameworks */ = {
			isa = PBXFrameworksBuildPhase;
			buildActionMask = 2147483647;
			files = (
			);
			runOnlyForDeploymentPostprocessing = 0;
		};
		2B54FAB81F9692A9000DF209 /* Frameworks */ = {
			isa = PBXFrameworksBuildPhase;
			buildActionMask = 2147483647;
			files = (
			);
			runOnlyForDeploymentPostprocessing = 0;
		};
		2B54FAC31F9692A9000DF209 /* Frameworks */ = {
			isa = PBXFrameworksBuildPhase;
			buildActionMask = 2147483647;
			files = (
			);
			runOnlyForDeploymentPostprocessing = 0;
		};
/* End PBXFrameworksBuildPhase section */

/* Begin PBXGroup section */
		2B54FA9E1F9692A9000DF209 = {
			isa = PBXGroup;
			children = (
				2B54FAA91F9692A9000DF209 /* Miracle Pills */,
				2B54FABE1F9692A9000DF209 /* Miracle PillsTests */,
				2B54FAC91F9692A9000DF209 /* Miracle PillsUITests */,
				2B54FAA81F9692A9000DF209 /* Products */,
			);
			sourceTree = "<group>";
		};
		2B54FAA81F9692A9000DF209 /* Products */ = {
			isa = PBXGroup;
			children = (
				2B54FAA71F9692A9000DF209 /* Miracle Pills.app */,
				2B54FABB1F9692A9000DF209 /* Miracle PillsTests.xctest */,
				2B54FAC61F9692A9000DF209 /* Miracle PillsUITests.xctest */,
			);
			name = Products;
			sourceTree = "<group>";
		};
		2B54FAA91F9692A9000DF209 /* Miracle Pills */ = {
			isa = PBXGroup;
			children = (
				2B54FAAA1F9692A9000DF209 /* AppDelegate.swift */,
				2B54FAAC1F9692A9000DF209 /* ViewController.swift */,
				2B54FAAE1F9692A9000DF209 /* Main.storyboard */,
				2B54FAB11F9692A9000DF209 /* Assets.xcassets */,
				2B54FAB31F9692A9000DF209 /* LaunchScreen.storyboard */,
				2B54FAB61F9692A9000DF209 /* Info.plist */,
			);
			path = "Miracle Pills";
			sourceTree = "<group>";
		};
		2B54FABE1F9692A9000DF209 /* Miracle PillsTests */ = {
			isa = PBXGroup;
			children = (
				2B54FABF1F9692A9000DF209 /* Miracle_PillsTests.swift */,
				2B54FAC11F9692A9000DF209 /* Info.plist */,
			);
			path = "Miracle PillsTests";
			sourceTree = "<group>";
		};
		2B54FAC91F9692A9000DF209 /* Miracle PillsUITests */ = {
			isa = PBXGroup;
			children = (
				2B54FACA1F9692A9000DF209 /* Miracle_PillsUITests.swift */,
				2B54FACC1F9692A9000DF209 /* Info.plist */,
			);
			path = "Miracle PillsUITests";
			sourceTree = "<group>";
		};
/* End PBXGroup section */

/* Begin PBXNativeTarget section */
		2B54FAA61F9692A9000DF209 /* Miracle Pills */ = {
			isa = PBXNativeTarget;
			buildConfigurationList = 2B54FACF1F9692A9000DF209 /* Build configuration list for PBXNativeTarget "Miracle Pills" */;
			buildPhases = (
				2B54FAA31F9692A9000DF209 /* Sources */,
				2B54FAA41F9692A9000DF209 /* Frameworks */,
				2B54FAA51F9692A9000DF209 /* Resources */,
			);
			buildRules = (
			);
			dependencies = (
			);
			name = "Miracle Pills";
			productName = "Miracle Pills";
			productReference = 2B54FAA71F9692A9000DF209 /* Miracle Pills.app */;
			productType = "com.apple.product-type.application";
		};
		2B54FABA1F9692A9000DF209 /* Miracle PillsTests */ = {
			isa = PBXNativeTarget;
			buildConfigurationList = 2B54FAD21F9692A9000DF209 /* Build configuration list for PBXNativeTarget "Miracle PillsTests" */;
			buildPhases = (
				2B54FAB71F9692A9000DF209 /* Sources */,
				2B54FAB81F9692A9000DF209 /* Frameworks */,
				2B54FAB91F9692A9000DF209 /* Resources */,
			);
			buildRules = (
			);
			dependencies = (
				2B54FABD1F9692A9000DF209 /* PBXTargetDependency */,
			);
			name = "Miracle PillsTests";
			productName = "Miracle PillsTests";
			productReference = 2B54FABB1F9692A9000DF209 /* Miracle PillsTests.xctest */;
			productType = "com.apple.product-type.bundle.unit-test";
		};
		2B54FAC51F9692A9000DF209 /* Miracle PillsUITests */ = {
			isa = PBXNativeTarget;
			buildConfigurationList = 2B54FAD51F9692A9000DF209 /* Build configuration list for PBXNativeTarget "Miracle PillsUITests" */;
			buildPhases = (
				2B54FAC21F9692A9000DF209 /* Sources */,
				2B54FAC31F9692A9000DF209 /* Frameworks */,
				2B54FAC41F9692A9000DF209 /* Resources */,
			);
			buildRules = (
			);
			dependencies = (
				2B54FAC81F9692A9000DF209 /* PBXTargetDependency */,
			);
			name = "Miracle PillsUITests";
			productName = "Miracle PillsUITests";
			productReference = 2B54FAC61F9692A9000DF209 /* Miracle PillsUITests.xctest */;
			productType = "com.apple.product-type.bundle.ui-testing";
		};
/* End PBXNativeTarget section */

/* Begin PBXProject section */
		2B54FA9F1F9692A9000DF209 /* Project object */ = {
			isa = PBXProject;
			attributes = {
				LastSwiftUpdateCheck = 0900;
				LastUpgradeCheck = 0900;
				ORGANIZATIONNAME = "Tarek Moubarak";
				TargetAttributes = {
					2B54FAA61F9692A9000DF209 = {
						CreatedOnToolsVersion = 9.0;
						ProvisioningStyle = Automatic;
					};
					2B54FABA1F9692A9000DF209 = {
						CreatedOnToolsVersion = 9.0;
						ProvisioningStyle = Automatic;
						TestTargetID = 2B54FAA61F9692A9000DF209;
					};
					2B54FAC51F9692A9000DF209 = {
						CreatedOnToolsVersion = 9.0;
						ProvisioningStyle = Automatic;
						TestTargetID = 2B54FAA61F9692A9000DF209;
					};
				};
			};
			buildConfigurationList = 2B54FAA21F9692A9000DF209 /* Build configuration list for PBXProject "Miracle Pills" */;
			compatibilityVersion = "Xcode 8.0";
			developmentRegion = en;
			hasScannedForEncodings = 0;
			knownRegions = (
				en,
				Base,
			);
			mainGroup = 2B54FA9E1F9692A9000DF209;
			productRefGroup = 2B54FAA81F9692A9000DF209 /* Products */;
			projectDirPath = "";
			projectRoot = "";
			targets = (
				2B54FAA61F9692A9000DF209 /* Miracle Pills */,
				2B54FABA1F9692A9000DF209 /* Miracle PillsTests */,
				2B54FAC51F9692A9000DF209 /* Miracle PillsUITests */,
			);
		};
/* End PBXProject section */

/* Begin PBXResourcesBuildPhase section */
		2B54FAA51F9692A9000DF209 /* Resources */ = {
			isa = PBXResourcesBuildPhase;
			buildActionMask = 2147483647;
			files = (
				2B54FAB51F9692A9000DF209 /* LaunchScreen.storyboard in Resources */,
				2B54FAB21F9692A9000DF209 /* Assets.xcassets in Resources */,
				2B54FAB01F9692A9000DF209 /* Main.storyboard in Resources */,
			);
			runOnlyForDeploymentPostprocessing = 0;
		};
		2B54FAB91F9692A9000DF209 /* Resources */ = {
			isa = PBXResourcesBuildPhase;
			buildActionMask = 2147483647;
			files = (
			);
			runOnlyForDeploymentPostprocessing = 0;
		};
		2B54FAC41F9692A9000DF209 /* Resources */ = {
			isa = PBXResourcesBuildPhase;
			buildActionMask = 2147483647;
			files = (
			);
			runOnlyForDeploymentPostprocessing = 0;
		};
/* End PBXResourcesBuildPhase section */

/* Begin PBXSourcesBuildPhase section */
		2B54FAA31F9692A9000DF209 /* Sources */ = {
			isa = PBXSourcesBuildPhase;
			buildActionMask = 2147483647;
			files = (
				2B54FAAD1F9692A9000DF209 /* ViewController.swift in Sources */,
				2B54FAAB1F9692A9000DF209 /* AppDelegate.swift in Sources */,
			);
			runOnlyForDeploymentPostprocessing = 0;
		};
		2B54FAB71F9692A9000DF209 /* Sources */ = {
			isa = PBXSourcesBuildPhase;
			buildActionMask = 2147483647;
			files = (
				2B54FAC01F9692A9000DF209 /* Miracle_PillsTests.swift in Sources */,
			);
			runOnlyForDeploymentPostprocessing = 0;
		};
		2B54FAC21F9692A9000DF209 /* Sources */ = {
			isa = PBXSourcesBuildPhase;
			buildActionMask = 2147483647;
			files = (
				2B54FACB1F9692A9000DF209 /* Miracle_PillsUITests.swift in Sources */,
			);
			runOnlyForDeploymentPostprocessing = 0;
		};
/* End PBXSourcesBuildPhase section */

/* Begin PBXTargetDependency section */
		2B54FABD1F9692A9000DF209 /* PBXTargetDependency */ = {
			isa = PBXTargetDependency;
			target = 2B54FAA61F9692A9000DF209 /* Miracle Pills */;
			targetProxy = 2B54FABC1F9692A9000DF209 /* PBXContainerItemProxy */;
		};
		2B54FAC81F9692A9000DF209 /* PBXTargetDependency */ = {
			isa = PBXTargetDependency;
			target = 2B54FAA61F9692A9000DF209 /* Miracle Pills */;
			targetProxy = 2B54FAC71F9692A9000DF209 /* PBXContainerItemProxy */;
		};
/* End PBXTargetDependency section */

/* Begin PBXVariantGroup section */
		2B54FAAE1F9692A9000DF209 /* Main.storyboard */ = {
			isa = PBXVariantGroup;
			children = (
				2B54FAAF1F9692A9000DF209 /* Base */,
			);
			name = Main.storyboard;
			sourceTree = "<group>";
		};
		2B54FAB31F9692A9000DF209 /* LaunchScreen.storyboard */ = {
			isa = PBXVariantGroup;
			children = (
				2B54FAB41F9692A9000DF209 /* Base */,
			);
			name = LaunchScreen.storyboard;
			sourceTree = "<group>";
		};
/* End PBXVariantGroup section */

/* Begin XCBuildConfiguration section */
		2B54FACD1F9692A9000DF209 /* Debug */ = {
			isa = XCBuildConfiguration;
			buildSettings = {
				ALWAYS_SEARCH_USER_PATHS = NO;
				CLANG_ANALYZER_NONNULL = YES;
				CLANG_ANALYZER_NUMBER_OBJECT_CONVERSION = YES_AGGRESSIVE;
				CLANG_CXX_LANGUAGE_STANDARD = "gnu++14";
				CLANG_CXX_LIBRARY = "libc++";
				CLANG_ENABLE_MODULES = YES;
				CLANG_ENABLE_OBJC_ARC = YES;
				CLANG_WARN_BLOCK_CAPTURE_AUTORELEASING = YES;
				CLANG_WARN_BOOL_CONVERSION = YES;
				CLANG_WARN_COMMA = YES;
				CLANG_WARN_CONSTANT_CONVERSION = YES;
				CLANG_WARN_DIRECT_OBJC_ISA_USAGE = YES_ERROR;
				CLANG_WARN_DOCUMENTATION_COMMENTS = YES;
				CLANG_WARN_EMPTY_BODY = YES;
				CLANG_WARN_ENUM_CONVERSION = YES;
				CLANG_WARN_INFINITE_RECURSION = YES;
				CLANG_WARN_INT_CONVERSION = YES;
				CLANG_WARN_NON_LITERAL_NULL_CONVERSION = YES;
				CLANG_WARN_OBJC_LITERAL_CONVERSION = YES;
				CLANG_WARN_OBJC_ROOT_CLASS = YES_ERROR;
				CLANG_WARN_RANGE_LOOP_ANALYSIS = YES;
				CLANG_WARN_STRICT_PROTOTYPES = YES;
				CLANG_WARN_SUSPICIOUS_MOVE = YES;
				CLANG_WARN_UNGUARDED_AVAILABILITY = YES_AGGRESSIVE;
				CLANG_WARN_UNREACHABLE_CODE = YES;
				CLANG_WARN__DUPLICATE_METHOD_MATCH = YES;
				CODE_SIGN_IDENTITY = "iPhone Developer";
				COPY_PHASE_STRIP = NO;
				DEBUG_INFORMATION_FORMAT = dwarf;
				ENABLE_STRICT_OBJC_MSGSEND = YES;
				ENABLE_TESTABILITY = YES;
				GCC_C_LANGUAGE_STANDARD = gnu11;
				GCC_DYNAMIC_NO_PIC = NO;
				GCC_NO_COMMON_BLOCKS = YES;
				GCC_OPTIMIZATION_LEVEL = 0;
				GCC_PREPROCESSOR_DEFINITIONS = (
					"DEBUG=1",
					"$(inherited)",
				);
				GCC_WARN_64_TO_32_BIT_CONVERSION = YES;
				GCC_WARN_ABOUT_RETURN_TYPE = YES_ERROR;
				GCC_WARN_UNDECLARED_SELECTOR = YES;
				GCC_WARN_UNINITIALIZED_AUTOS = YES_AGGRESSIVE;
				GCC_WARN_UNUSED_FUNCTION = YES;
				GCC_WARN_UNUSED_VARIABLE = YES;
				IPHONEOS_DEPLOYMENT_TARGET = 11.0;
				MTL_ENABLE_DEBUG_INFO = YES;
				ONLY_ACTIVE_ARCH = YES;
				SDKROOT = iphoneos;
				SWIFT_ACTIVE_COMPILATION_CONDITIONS = DEBUG;
				SWIFT_OPTIMIZATION_LEVEL = "-Onone";
			};
			name = Debug;
		};
		2B54FACE1F9692A9000DF209 /* Release */ = {
			isa = XCBuildConfiguration;
			buildSettings = {
				ALWAYS_SEARCH_USER_PATHS = NO;
				CLANG_ANALYZER_NONNULL = YES;
				CLANG_ANALYZER_NUMBER_OBJECT_CONVERSION = YES_AGGRESSIVE;
				CLANG_CXX_LANGUAGE_STANDARD = "gnu++14";
				CLANG_CXX_LIBRARY = "libc++";
				CLANG_ENABLE_MODULES = YES;
				CLANG_ENABLE_OBJC_ARC = YES;
				CLANG_WARN_BLOCK_CAPTURE_AUTORELEASING = YES;
				CLANG_WARN_BOOL_CONVERSION = YES;
				CLANG_WARN_COMMA = YES;
				CLANG_WARN_CONSTANT_CONVERSION = YES;
				CLANG_WARN_DIRECT_OBJC_ISA_USAGE = YES_ERROR;
				CLANG_WARN_DOCUMENTATION_COMMENTS = YES;
				CLANG_WARN_EMPTY_BODY = YES;
				CLANG_WARN_ENUM_CONVERSION = YES;
				CLANG_WARN_INFINITE_RECURSION = YES;
				CLANG_WARN_INT_CONVERSION = YES;
				CLANG_WARN_NON_LITERAL_NULL_CONVERSION = YES;
				CLANG_WARN_OBJC_LITERAL_CONVERSION = YES;
				CLANG_WARN_OBJC_ROOT_CLASS = YES_ERROR;
				CLANG_WARN_RANGE_LOOP_ANALYSIS = YES;
				CLANG_WARN_STRICT_PROTOTYPES = YES;
				CLANG_WARN_SUSPICIOUS_MOVE = YES;
				CLANG_WARN_UNGUARDED_AVAILABILITY = YES_AGGRESSIVE;
				CLANG_WARN_UNREACHABLE_CODE = YES;
				CLANG_WARN__DUPLICATE_METHOD_MATCH = YES;
				CODE_SIGN_IDENTITY = "iPhone Developer";
				COPY_PHASE_STRIP = NO;
				DEBUG_INFORMATION_FORMAT = "dwarf-with-dsym";
				ENABLE_NS_ASSERTIONS = NO;
				ENABLE_STRICT_OBJC_MSGSEND = YES;
				GCC_C_LANGUAGE_STANDARD = gnu11;
				GCC_NO_COMMON_BLOCKS = YES;
				GCC_WARN_64_TO_32_BIT_CONVERSION = YES;
				GCC_WARN_ABOUT_RETURN_TYPE = YES_ERROR;
				GCC_WARN_UNDECLARED_SELECTOR = YES;
				GCC_WARN_UNINITIALIZED_AUTOS = YES_AGGRESSIVE;
				GCC_WARN_UNUSED_FUNCTION = YES;
				GCC_WARN_UNUSED_VARIABLE = YES;
				IPHONEOS_DEPLOYMENT_TARGET = 11.0;
				MTL_ENABLE_DEBUG_INFO = NO;
				SDKROOT = iphoneos;
				SWIFT_OPTIMIZATION_LEVEL = "-Owholemodule";
				VALIDATE_PRODUCT = YES;
			};
			name = Release;
		};
		2B54FAD01F9692A9000DF209 /* Debug */ = {
			isa = XCBuildConfiguration;
			buildSettings = {
				ASSETCATALOG_COMPILER_APPICON_NAME = AppIcon;
				CODE_SIGN_STYLE = Automatic;
				DEVELOPMENT_TEAM = TFVPAWAQ8A;
				INFOPLIST_FILE = "Miracle Pills/Info.plist";
				LD_RUNPATH_SEARCH_PATHS = "$(inherited) @executable_path/Frameworks";
				PRODUCT_BUNDLE_IDENTIFIER = "com.tarekmoubarak.Miracle-Pills";
				PRODUCT_NAME = "$(TARGET_NAME)";
				SWIFT_VERSION = 4.0;
				TARGETED_DEVICE_FAMILY = "1,2";
			};
			name = Debug;
		};
		2B54FAD11F9692A9000DF209 /* Release */ = {
			isa = XCBuildConfiguration;
			buildSettings = {
				ASSETCATALOG_COMPILER_APPICON_NAME = AppIcon;
				CODE_SIGN_STYLE = Automatic;
				DEVELOPMENT_TEAM = TFVPAWAQ8A;
				INFOPLIST_FILE = "Miracle Pills/Info.plist";
				LD_RUNPATH_SEARCH_PATHS = "$(inherited) @executable_path/Frameworks";
				PRODUCT_BUNDLE_IDENTIFIER = "com.tarekmoubarak.Miracle-Pills";
				PRODUCT_NAME = "$(TARGET_NAME)";
				SWIFT_VERSION = 4.0;
				TARGETED_DEVICE_FAMILY = "1,2";
			};
			name = Release;
		};
		2B54FAD31F9692A9000DF209 /* Debug */ = {
			isa = XCBuildConfiguration;
			buildSettings = {
				ALWAYS_EMBED_SWIFT_STANDARD_LIBRARIES = YES;
				BUNDLE_LOADER = "$(TEST_HOST)";
				CODE_SIGN_STYLE = Automatic;
				DEVELOPMENT_TEAM = TFVPAWAQ8A;
				INFOPLIST_FILE = "Miracle PillsTests/Info.plist";
				LD_RUNPATH_SEARCH_PATHS = "$(inherited) @executable_path/Frameworks @loader_path/Frameworks";
				PRODUCT_BUNDLE_IDENTIFIER = "com.tarekmoubarak.Miracle-PillsTests";
				PRODUCT_NAME = "$(TARGET_NAME)";
				SWIFT_VERSION = 4.0;
				TARGETED_DEVICE_FAMILY = "1,2";
				TEST_HOST = "$(BUILT_PRODUCTS_DIR)/Miracle Pills.app/Miracle Pills";
			};
			name = Debug;
		};
		2B54FAD41F9692A9000DF209 /* Release */ = {
			isa = XCBuildConfiguration;
			buildSettings = {
				ALWAYS_EMBED_SWIFT_STANDARD_LIBRARIES = YES;
				BUNDLE_LOADER = "$(TEST_HOST)";
				CODE_SIGN_STYLE = Automatic;
				DEVELOPMENT_TEAM = TFVPAWAQ8A;
				INFOPLIST_FILE = "Miracle PillsTests/Info.plist";
				LD_RUNPATH_SEARCH_PATHS = "$(inherited) @executable_path/Frameworks @loader_path/Frameworks";
				PRODUCT_BUNDLE_IDENTIFIER = "com.tarekmoubarak.Miracle-PillsTests";
				PRODUCT_NAME = "$(TARGET_NAME)";
				SWIFT_VERSION = 4.0;
				TARGETED_DEVICE_FAMILY = "1,2";
				TEST_HOST = "$(BUILT_PRODUCTS_DIR)/Miracle Pills.app/Miracle Pills";
			};
			name = Release;
		};
		2B54FAD61F9692A9000DF209 /* Debug */ = {
			isa = XCBuildConfiguration;
			buildSettings = {
				ALWAYS_EMBED_SWIFT_STANDARD_LIBRARIES = YES;
				CODE_SIGN_STYLE = Automatic;
				DEVELOPMENT_TEAM = TFVPAWAQ8A;
				INFOPLIST_FILE = "Miracle PillsUITests/Info.plist";
				LD_RUNPATH_SEARCH_PATHS = "$(inherited) @executable_path/Frameworks @loader_path/Frameworks";
				PRODUCT_BUNDLE_IDENTIFIER = "com.tarekmoubarak.Miracle-PillsUITests";
				PRODUCT_NAME = "$(TARGET_NAME)";
				SWIFT_VERSION = 4.0;
				TARGETED_DEVICE_FAMILY = "1,2";
				TEST_TARGET_NAME = "Miracle Pills";
			};
			name = Debug;
		};
		2B54FAD71F9692A9000DF209 /* Release */ = {
			isa = XCBuildConfiguration;
			buildSettings = {
				ALWAYS_EMBED_SWIFT_STANDARD_LIBRARIES = YES;
				CODE_SIGN_STYLE = Automatic;
				DEVELOPMENT_TEAM = TFVPAWAQ8A;
				INFOPLIST_FILE = "Miracle PillsUITests/Info.plist";
				LD_RUNPATH_SEARCH_PATHS = "$(inherited) @executable_path/Frameworks @loader_path/Frameworks";
				PRODUCT_BUNDLE_IDENTIFIER = "com.tarekmoubarak.Miracle-PillsUITests";
				PRODUCT_NAME = "$(TARGET_NAME)";
				SWIFT_VERSION = 4.0;
				TARGETED_DEVICE_FAMILY = "1,2";
				TEST_TARGET_NAME = "Miracle Pills";
			};
			name = Release;
		};
/* End XCBuildConfiguration section */

/* Begin XCConfigurationList section */
		2B54FAA21F9692A9000DF209 /* Build configuration list for PBXProject "Miracle Pills" */ = {
			isa = XCConfigurationList;
			buildConfigurations = (
				2B54FACD1F9692A9000DF209 /* Debug */,
				2B54FACE1F9692A9000DF209 /* Release */,
			);
			defaultConfigurationIsVisible = 0;
			defaultConfigurationName = Release;
		};
		2B54FACF1F9692A9000DF209 /* Build configuration list for PBXNativeTarget "Miracle Pills" */ = {
			isa = XCConfigurationList;
			buildConfigurations = (
				2B54FAD01F9692A9000DF209 /* Debug */,
				2B54FAD11F9692A9000DF209 /* Release */,
			);
			defaultConfigurationIsVisible = 0;
			defaultConfigurationName = Release;
		};
		2B54FAD21F9692A9000DF209 /* Build configuration list for PBXNativeTarget "Miracle PillsTests" */ = {
			isa = XCConfigurationList;
			buildConfigurations = (
				2B54FAD31F9692A9000DF209 /* Debug */,
				2B54FAD41F9692A9000DF209 /* Release */,
			);
			defaultConfigurationIsVisible = 0;
			defaultConfigurationName = Release;
		};
		2B54FAD51F9692A9000DF209 /* Build configuration list for PBXNativeTarget "Miracle PillsUITests" */ = {
			isa = XCConfigurationList;
			buildConfigurations = (
				2B54FAD61F9692A9000DF209 /* Debug */,
				2B54FAD71F9692A9000DF209 /* Release */,
			);
			defaultConfigurationIsVisible = 0;
			defaultConfigurationName = Release;
		};
/* End XCConfigurationList section */
	};
	rootObject = 2B54FA9F1F9692A9000DF209 /* Project object */;
}
